// !$*UTF8*$!
{
	archiveVersion = 1;
	classes = {
	};
	objectVersion = 50;
	objects = {

/* Begin PBXBuildFile section */
		FD8E524C23EE7F9B00779201 /* AppDelegate.swift in Sources */ = {isa = PBXBuildFile; fileRef = FD8E524B23EE7F9B00779201 /* AppDelegate.swift */; };
		FD8E524E23EE7F9B00779201 /* SceneDelegate.swift in Sources */ = {isa = PBXBuildFile; fileRef = FD8E524D23EE7F9B00779201 /* SceneDelegate.swift */; };
		FD8E525023EE7F9B00779201 /* ViewController.swift in Sources */ = {isa = PBXBuildFile; fileRef = FD8E524F23EE7F9B00779201 /* ViewController.swift */; };
		FD8E525323EE7F9B00779201 /* Main.storyboard in Resources */ = {isa = PBXBuildFile; fileRef = FD8E525123EE7F9B00779201 /* Main.storyboard */; };
		FD8E525523EE7F9C00779201 /* Assets.xcassets in Resources */ = {isa = PBXBuildFile; fileRef = FD8E525423EE7F9C00779201 /* Assets.xcassets */; };
		FD8E525823EE7F9C00779201 /* LaunchScreen.storyboard in Resources */ = {isa = PBXBuildFile; fileRef = FD8E525623EE7F9C00779201 /* LaunchScreen.storyboard */; };
		FD8E526323EE7F9C00779201 /* PasswordHackerTests.swift in Sources */ = {isa = PBXBuildFile; fileRef = FD8E526223EE7F9C00779201 /* PasswordHackerTests.swift */; };
		FD8E526E23EE7F9C00779201 /* PasswordHackerUITests.swift in Sources */ = {isa = PBXBuildFile; fileRef = FD8E526D23EE7F9C00779201 /* PasswordHackerUITests.swift */; };
/* End PBXBuildFile section */

/* Begin PBXContainerItemProxy section */
		FD8E525F23EE7F9C00779201 /* PBXContainerItemProxy */ = {
			isa = PBXContainerItemProxy;
			containerPortal = FD8E524023EE7F9B00779201 /* Project object */;
			proxyType = 1;
			remoteGlobalIDString = FD8E524723EE7F9B00779201;
			remoteInfo = PasswordHacker;
		};
		FD8E526A23EE7F9C00779201 /* PBXContainerItemProxy */ = {
			isa = PBXContainerItemProxy;
			containerPortal = FD8E524023EE7F9B00779201 /* Project object */;
			proxyType = 1;
			remoteGlobalIDString = FD8E524723EE7F9B00779201;
			remoteInfo = PasswordHacker;
		};
/* End PBXContainerItemProxy section */

/* Begin PBXFileReference section */
		FD8E524823EE7F9B00779201 /* PasswordHacker.app */ = {isa = PBXFileReference; explicitFileType = wrapper.application; includeInIndex = 0; path = PasswordHacker.app; sourceTree = BUILT_PRODUCTS_DIR; };
		FD8E524B23EE7F9B00779201 /* AppDelegate.swift */ = {isa = PBXFileReference; lastKnownFileType = sourcecode.swift; path = AppDelegate.swift; sourceTree = "<group>"; };
		FD8E524D23EE7F9B00779201 /* SceneDelegate.swift */ = {isa = PBXFileReference; lastKnownFileType = sourcecode.swift; path = SceneDelegate.swift; sourceTree = "<group>"; };
		FD8E524F23EE7F9B00779201 /* ViewController.swift */ = {isa = PBXFileReference; lastKnownFileType = sourcecode.swift; path = ViewController.swift; sourceTree = "<group>"; };
		FD8E525223EE7F9B00779201 /* Base */ = {isa = PBXFileReference; lastKnownFileType = file.storyboard; name = Base; path = Base.lproj/Main.storyboard; sourceTree = "<group>"; };
		FD8E525423EE7F9C00779201 /* Assets.xcassets */ = {isa = PBXFileReference; lastKnownFileType = folder.assetcatalog; path = Assets.xcassets; sourceTree = "<group>"; };
		FD8E525723EE7F9C00779201 /* Base */ = {isa = PBXFileReference; lastKnownFileType = file.storyboard; name = Base; path = Base.lproj/LaunchScreen.storyboard; sourceTree = "<group>"; };
		FD8E525923EE7F9C00779201 /* Info.plist */ = {isa = PBXFileReference; lastKnownFileType = text.plist.xml; path = Info.plist; sourceTree = "<group>"; };
		FD8E525E23EE7F9C00779201 /* PasswordHackerTests.xctest */ = {isa = PBXFileReference; explicitFileType = wrapper.cfbundle; includeInIndex = 0; path = PasswordHackerTests.xctest; sourceTree = BUILT_PRODUCTS_DIR; };
		FD8E526223EE7F9C00779201 /* PasswordHackerTests.swift */ = {isa = PBXFileReference; lastKnownFileType = sourcecode.swift; path = PasswordHackerTests.swift; sourceTree = "<group>"; };
		FD8E526423EE7F9C00779201 /* Info.plist */ = {isa = PBXFileReference; lastKnownFileType = text.plist.xml; path = Info.plist; sourceTree = "<group>"; };
		FD8E526923EE7F9C00779201 /* PasswordHackerUITests.xctest */ = {isa = PBXFileReference; explicitFileType = wrapper.cfbundle; includeInIndex = 0; path = PasswordHackerUITests.xctest; sourceTree = BUILT_PRODUCTS_DIR; };
		FD8E526D23EE7F9C00779201 /* PasswordHackerUITests.swift */ = {isa = PBXFileReference; lastKnownFileType = sourcecode.swift; path = PasswordHackerUITests.swift; sourceTree = "<group>"; };
		FD8E526F23EE7F9C00779201 /* Info.plist */ = {isa = PBXFileReference; lastKnownFileType = text.plist.xml; path = Info.plist; sourceTree = "<group>"; };
/* End PBXFileReference section */

/* Begin PBXFrameworksBuildPhase section */
		FD8E524523EE7F9B00779201 /* Frameworks */ = {
			isa = PBXFrameworksBuildPhase;
			buildActionMask = 2147483647;
			files = (
			);
			runOnlyForDeploymentPostprocessing = 0;
		};
		FD8E525B23EE7F9C00779201 /* Frameworks */ = {
			isa = PBXFrameworksBuildPhase;
			buildActionMask = 2147483647;
			files = (
			);
			runOnlyForDeploymentPostprocessing = 0;
		};
		FD8E526623EE7F9C00779201 /* Frameworks */ = {
			isa = PBXFrameworksBuildPhase;
			buildActionMask = 2147483647;
			files = (
			);
			runOnlyForDeploymentPostprocessing = 0;
		};
/* End PBXFrameworksBuildPhase section */

/* Begin PBXGroup section */
		FD8E523F23EE7F9B00779201 = {
			isa = PBXGroup;
			children = (
				FD8E524A23EE7F9B00779201 /* PasswordHacker */,
				FD8E526123EE7F9C00779201 /* PasswordHackerTests */,
				FD8E526C23EE7F9C00779201 /* PasswordHackerUITests */,
				FD8E524923EE7F9B00779201 /* Products */,
			);
			sourceTree = "<group>";
		};
		FD8E524923EE7F9B00779201 /* Products */ = {
			isa = PBXGroup;
			children = (
				FD8E524823EE7F9B00779201 /* PasswordHacker.app */,
				FD8E525E23EE7F9C00779201 /* PasswordHackerTests.xctest */,
				FD8E526923EE7F9C00779201 /* PasswordHackerUITests.xctest */,
			);
			name = Products;
			sourceTree = "<group>";
		};
		FD8E524A23EE7F9B00779201 /* PasswordHacker */ = {
			isa = PBXGroup;
			children = (
				FD8E524B23EE7F9B00779201 /* AppDelegate.swift */,
				FD8E524D23EE7F9B00779201 /* SceneDelegate.swift */,
				FD8E524F23EE7F9B00779201 /* ViewController.swift */,
				FD8E525123EE7F9B00779201 /* Main.storyboard */,
				FD8E525423EE7F9C00779201 /* Assets.xcassets */,
				FD8E525623EE7F9C00779201 /* LaunchScreen.storyboard */,
				FD8E525923EE7F9C00779201 /* Info.plist */,
			);
			path = PasswordHacker;
			sourceTree = "<group>";
		};
		FD8E526123EE7F9C00779201 /* PasswordHackerTests */ = {
			isa = PBXGroup;
			children = (
				FD8E526223EE7F9C00779201 /* PasswordHackerTests.swift */,
				FD8E526423EE7F9C00779201 /* Info.plist */,
			);
			path = PasswordHackerTests;
			sourceTree = "<group>";
		};
		FD8E526C23EE7F9C00779201 /* PasswordHackerUITests */ = {
			isa = PBXGroup;
			children = (
				FD8E526D23EE7F9C00779201 /* PasswordHackerUITests.swift */,
				FD8E526F23EE7F9C00779201 /* Info.plist */,
			);
			path = PasswordHackerUITests;
			sourceTree = "<group>";
		};
/* End PBXGroup section */

/* Begin PBXNativeTarget section */
		FD8E524723EE7F9B00779201 /* PasswordHacker */ = {
			isa = PBXNativeTarget;
			buildConfigurationList = FD8E527223EE7F9C00779201 /* Build configuration list for PBXNativeTarget "PasswordHacker" */;
			buildPhases = (
				FD8E524423EE7F9B00779201 /* Sources */,
				FD8E524523EE7F9B00779201 /* Frameworks */,
				FD8E524623EE7F9B00779201 /* Resources */,
			);
			buildRules = (
			);
			dependencies = (
			);
			name = PasswordHacker;
			productName = PasswordHacker;
			productReference = FD8E524823EE7F9B00779201 /* PasswordHacker.app */;
			productType = "com.apple.product-type.application";
		};
		FD8E525D23EE7F9C00779201 /* PasswordHackerTests */ = {
			isa = PBXNativeTarget;
			buildConfigurationList = FD8E527523EE7F9C00779201 /* Build configuration list for PBXNativeTarget "PasswordHackerTests" */;
			buildPhases = (
				FD8E525A23EE7F9C00779201 /* Sources */,
				FD8E525B23EE7F9C00779201 /* Frameworks */,
				FD8E525C23EE7F9C00779201 /* Resources */,
			);
			buildRules = (
			);
			dependencies = (
				FD8E526023EE7F9C00779201 /* PBXTargetDependency */,
			);
			name = PasswordHackerTests;
			productName = PasswordHackerTests;
			productReference = FD8E525E23EE7F9C00779201 /* PasswordHackerTests.xctest */;
			productType = "com.apple.product-type.bundle.unit-test";
		};
		FD8E526823EE7F9C00779201 /* PasswordHackerUITests */ = {
			isa = PBXNativeTarget;
			buildConfigurationList = FD8E527823EE7F9C00779201 /* Build configuration list for PBXNativeTarget "PasswordHackerUITests" */;
			buildPhases = (
				FD8E526523EE7F9C00779201 /* Sources */,
				FD8E526623EE7F9C00779201 /* Frameworks */,
				FD8E526723EE7F9C00779201 /* Resources */,
			);
			buildRules = (
			);
			dependencies = (
				FD8E526B23EE7F9C00779201 /* PBXTargetDependency */,
			);
			name = PasswordHackerUITests;
			productName = PasswordHackerUITests;
			productReference = FD8E526923EE7F9C00779201 /* PasswordHackerUITests.xctest */;
			productType = "com.apple.product-type.bundle.ui-testing";
		};
/* End PBXNativeTarget section */

/* Begin PBXProject section */
		FD8E524023EE7F9B00779201 /* Project object */ = {
			isa = PBXProject;
			attributes = {
				LastSwiftUpdateCheck = 1130;
				LastUpgradeCheck = 1130;
				ORGANIZATIONNAME = mycompany;
				TargetAttributes = {
					FD8E524723EE7F9B00779201 = {
						CreatedOnToolsVersion = 11.3.1;
					};
					FD8E525D23EE7F9C00779201 = {
						CreatedOnToolsVersion = 11.3.1;
						TestTargetID = FD8E524723EE7F9B00779201;
					};
					FD8E526823EE7F9C00779201 = {
						CreatedOnToolsVersion = 11.3.1;
						TestTargetID = FD8E524723EE7F9B00779201;
					};
				};
			};
			buildConfigurationList = FD8E524323EE7F9B00779201 /* Build configuration list for PBXProject "PasswordHacker" */;
			compatibilityVersion = "Xcode 9.3";
			developmentRegion = en;
			hasScannedForEncodings = 0;
			knownRegions = (
				en,
				Base,
			);
			mainGroup = FD8E523F23EE7F9B00779201;
			productRefGroup = FD8E524923EE7F9B00779201 /* Products */;
			projectDirPath = "";
			projectRoot = "";
			targets = (
				FD8E524723EE7F9B00779201 /* PasswordHacker */,
				FD8E525D23EE7F9C00779201 /* PasswordHackerTests */,
				FD8E526823EE7F9C00779201 /* PasswordHackerUITests */,
			);
		};
/* End PBXProject section */

/* Begin PBXResourcesBuildPhase section */
		FD8E524623EE7F9B00779201 /* Resources */ = {
			isa = PBXResourcesBuildPhase;
			buildActionMask = 2147483647;
			files = (
				FD8E525823EE7F9C00779201 /* LaunchScreen.storyboard in Resources */,
				FD8E525523EE7F9C00779201 /* Assets.xcassets in Resources */,
				FD8E525323EE7F9B00779201 /* Main.storyboard in Resources */,
			);
			runOnlyForDeploymentPostprocessing = 0;
		};
		FD8E525C23EE7F9C00779201 /* Resources */ = {
			isa = PBXResourcesBuildPhase;
			buildActionMask = 2147483647;
			files = (
			);
			runOnlyForDeploymentPostprocessing = 0;
		};
		FD8E526723EE7F9C00779201 /* Resources */ = {
			isa = PBXResourcesBuildPhase;
			buildActionMask = 2147483647;
			files = (
			);
			runOnlyForDeploymentPostprocessing = 0;
		};
/* End PBXResourcesBuildPhase section */

/* Begin PBXSourcesBuildPhase section */
		FD8E524423EE7F9B00779201 /* Sources */ = {
			isa = PBXSourcesBuildPhase;
			buildActionMask = 2147483647;
			files = (
				FD8E525023EE7F9B00779201 /* ViewController.swift in Sources */,
				FD8E524C23EE7F9B00779201 /* AppDelegate.swift in Sources */,
				FD8E524E23EE7F9B00779201 /* SceneDelegate.swift in Sources */,
			);
			runOnlyForDeploymentPostprocessing = 0;
		};
		FD8E525A23EE7F9C00779201 /* Sources */ = {
			isa = PBXSourcesBuildPhase;
			buildActionMask = 2147483647;
			files = (
				FD8E526323EE7F9C00779201 /* PasswordHackerTests.swift in Sources */,
			);
			runOnlyForDeploymentPostprocessing = 0;
		};
		FD8E526523EE7F9C00779201 /* Sources */ = {
			isa = PBXSourcesBuildPhase;
			buildActionMask = 2147483647;
			files = (
				FD8E526E23EE7F9C00779201 /* PasswordHackerUITests.swift in Sources */,
			);
			runOnlyForDeploymentPostprocessing = 0;
		};
/* End PBXSourcesBuildPhase section */

/* Begin PBXTargetDependency section */
		FD8E526023EE7F9C00779201 /* PBXTargetDependency */ = {
			isa = PBXTargetDependency;
			target = FD8E524723EE7F9B00779201 /* PasswordHacker */;
			targetProxy = FD8E525F23EE7F9C00779201 /* PBXContainerItemProxy */;
		};
		FD8E526B23EE7F9C00779201 /* PBXTargetDependency */ = {
			isa = PBXTargetDependency;
			target = FD8E524723EE7F9B00779201 /* PasswordHacker */;
			targetProxy = FD8E526A23EE7F9C00779201 /* PBXContainerItemProxy */;
		};
/* End PBXTargetDependency section */

/* Begin PBXVariantGroup section */
		FD8E525123EE7F9B00779201 /* Main.storyboard */ = {
			isa = PBXVariantGroup;
			children = (
				FD8E525223EE7F9B00779201 /* Base */,
			);
			name = Main.storyboard;
			sourceTree = "<group>";
		};
		FD8E525623EE7F9C00779201 /* LaunchScreen.storyboard */ = {
			isa = PBXVariantGroup;
			children = (
				FD8E525723EE7F9C00779201 /* Base */,
			);
			name = LaunchScreen.storyboard;
			sourceTree = "<group>";
		};
/* End PBXVariantGroup section */

/* Begin XCBuildConfiguration section */
		FD8E527023EE7F9C00779201 /* Debug */ = {
			isa = XCBuildConfiguration;
			buildSettings = {
				ALWAYS_SEARCH_USER_PATHS = NO;
				CLANG_ANALYZER_NONNULL = YES;
				CLANG_ANALYZER_NUMBER_OBJECT_CONVERSION = YES_AGGRESSIVE;
				CLANG_CXX_LANGUAGE_STANDARD = "gnu++14";
				CLANG_CXX_LIBRARY = "libc++";
				CLANG_ENABLE_MODULES = YES;
				CLANG_ENABLE_OBJC_ARC = YES;
				CLANG_ENABLE_OBJC_WEAK = YES;
				CLANG_WARN_BLOCK_CAPTURE_AUTORELEASING = YES;
				CLANG_WARN_BOOL_CONVERSION = YES;
				CLANG_WARN_COMMA = YES;
				CLANG_WARN_CONSTANT_CONVERSION = YES;
				CLANG_WARN_DEPRECATED_OBJC_IMPLEMENTATIONS = YES;
				CLANG_WARN_DIRECT_OBJC_ISA_USAGE = YES_ERROR;
				CLANG_WARN_DOCUMENTATION_COMMENTS = YES;
				CLANG_WARN_EMPTY_BODY = YES;
				CLANG_WARN_ENUM_CONVERSION = YES;
				CLANG_WARN_INFINITE_RECURSION = YES;
				CLANG_WARN_INT_CONVERSION = YES;
				CLANG_WARN_NON_LITERAL_NULL_CONVERSION = YES;
				CLANG_WARN_OBJC_IMPLICIT_RETAIN_SELF = YES;
				CLANG_WARN_OBJC_LITERAL_CONVERSION = YES;
				CLANG_WARN_OBJC_ROOT_CLASS = YES_ERROR;
				CLANG_WARN_RANGE_LOOP_ANALYSIS = YES;
				CLANG_WARN_STRICT_PROTOTYPES = YES;
				CLANG_WARN_SUSPICIOUS_MOVE = YES;
				CLANG_WARN_UNGUARDED_AVAILABILITY = YES_AGGRESSIVE;
				CLANG_WARN_UNREACHABLE_CODE = YES;
				CLANG_WARN__DUPLICATE_METHOD_MATCH = YES;
				COPY_PHASE_STRIP = NO;
				DEBUG_INFORMATION_FORMAT = dwarf;
				ENABLE_STRICT_OBJC_MSGSEND = YES;
				ENABLE_TESTABILITY = YES;
				GCC_C_LANGUAGE_STANDARD = gnu11;
				GCC_DYNAMIC_NO_PIC = NO;
				GCC_NO_COMMON_BLOCKS = YES;
				GCC_OPTIMIZATION_LEVEL = 0;
				GCC_PREPROCESSOR_DEFINITIONS = (
					"DEBUG=1",
					"$(inherited)",
				);
				GCC_WARN_64_TO_32_BIT_CONVERSION = YES;
				GCC_WARN_ABOUT_RETURN_TYPE = YES_ERROR;
				GCC_WARN_UNDECLARED_SELECTOR = YES;
				GCC_WARN_UNINITIALIZED_AUTOS = YES_AGGRESSIVE;
				GCC_WARN_UNUSED_FUNCTION = YES;
				GCC_WARN_UNUSED_VARIABLE = YES;
				IPHONEOS_DEPLOYMENT_TARGET = 13.2;
				MTL_ENABLE_DEBUG_INFO = INCLUDE_SOURCE;
				MTL_FAST_MATH = YES;
				ONLY_ACTIVE_ARCH = YES;
				SDKROOT = iphoneos;
				SWIFT_ACTIVE_COMPILATION_CONDITIONS = DEBUG;
				SWIFT_OPTIMIZATION_LEVEL = "-Onone";
			};
			name = Debug;
		};
		FD8E527123EE7F9C00779201 /* Release */ = {
			isa = XCBuildConfiguration;
			buildSettings = {
				ALWAYS_SEARCH_USER_PATHS = NO;
				CLANG_ANALYZER_NONNULL = YES;
				CLANG_ANALYZER_NUMBER_OBJECT_CONVERSION = YES_AGGRESSIVE;
				CLANG_CXX_LANGUAGE_STANDARD = "gnu++14";
				CLANG_CXX_LIBRARY = "libc++";
				CLANG_ENABLE_MODULES = YES;
				CLANG_ENABLE_OBJC_ARC = YES;
				CLANG_ENABLE_OBJC_WEAK = YES;
				CLANG_WARN_BLOCK_CAPTURE_AUTORELEASING = YES;
				CLANG_WARN_BOOL_CONVERSION = YES;
				CLANG_WARN_COMMA = YES;
				CLANG_WARN_CONSTANT_CONVERSION = YES;
				CLANG_WARN_DEPRECATED_OBJC_IMPLEMENTATIONS = YES;
				CLANG_WARN_DIRECT_OBJC_ISA_USAGE = YES_ERROR;
				CLANG_WARN_DOCUMENTATION_COMMENTS = YES;
				CLANG_WARN_EMPTY_BODY = YES;
				CLANG_WARN_ENUM_CONVERSION = YES;
				CLANG_WARN_INFINITE_RECURSION = YES;
				CLANG_WARN_INT_CONVERSION = YES;
				CLANG_WARN_NON_LITERAL_NULL_CONVERSION = YES;
				CLANG_WARN_OBJC_IMPLICIT_RETAIN_SELF = YES;
				CLANG_WARN_OBJC_LITERAL_CONVERSION = YES;
				CLANG_WARN_OBJC_ROOT_CLASS = YES_ERROR;
				CLANG_WARN_RANGE_LOOP_ANALYSIS = YES;
				CLANG_WARN_STRICT_PROTOTYPES = YES;
				CLANG_WARN_SUSPICIOUS_MOVE = YES;
				CLANG_WARN_UNGUARDED_AVAILABILITY = YES_AGGRESSIVE;
				CLANG_WARN_UNREACHABLE_CODE = YES;
				CLANG_WARN__DUPLICATE_METHOD_MATCH = YES;
				COPY_PHASE_STRIP = NO;
				DEBUG_INFORMATION_FORMAT = "dwarf-with-dsym";
				ENABLE_NS_ASSERTIONS = NO;
				ENABLE_STRICT_OBJC_MSGSEND = YES;
				GCC_C_LANGUAGE_STANDARD = gnu11;
				GCC_NO_COMMON_BLOCKS = YES;
				GCC_WARN_64_TO_32_BIT_CONVERSION = YES;
				GCC_WARN_ABOUT_RETURN_TYPE = YES_ERROR;
				GCC_WARN_UNDECLARED_SELECTOR = YES;
				GCC_WARN_UNINITIALIZED_AUTOS = YES_AGGRESSIVE;
				GCC_WARN_UNUSED_FUNCTION = YES;
				GCC_WARN_UNUSED_VARIABLE = YES;
				IPHONEOS_DEPLOYMENT_TARGET = 13.2;
				MTL_ENABLE_DEBUG_INFO = NO;
				MTL_FAST_MATH = YES;
				SDKROOT = iphoneos;
				SWIFT_COMPILATION_MODE = wholemodule;
				SWIFT_OPTIMIZATION_LEVEL = "-O";
				VALIDATE_PRODUCT = YES;
			};
			name = Release;
		};
		FD8E527323EE7F9C00779201 /* Debug */ = {
			isa = XCBuildConfiguration;
			buildSettings = {
				ASSETCATALOG_COMPILER_APPICON_NAME = AppIcon;
				CODE_SIGN_STYLE = Automatic;
				INFOPLIST_FILE = PasswordHacker/Info.plist;
				LD_RUNPATH_SEARCH_PATHS = (
					"$(inherited)",
					"@executable_path/Frameworks",
				);
				PRODUCT_BUNDLE_IDENTIFIER = com.litech.PasswordHacker;
				PRODUCT_NAME = "$(TARGET_NAME)";
				SWIFT_VERSION = 5.0;
				TARGETED_DEVICE_FAMILY = "1,2";
			};
			name = Debug;
		};
		FD8E527423EE7F9C00779201 /* Release */ = {
			isa = XCBuildConfiguration;
			buildSettings = {
				ASSETCATALOG_COMPILER_APPICON_NAME = AppIcon;
				CODE_SIGN_STYLE = Automatic;
				INFOPLIST_FILE = PasswordHacker/Info.plist;
				LD_RUNPATH_SEARCH_PATHS = (
					"$(inherited)",
					"@executable_path/Frameworks",
				);
				PRODUCT_BUNDLE_IDENTIFIER = com.litech.PasswordHacker;
				PRODUCT_NAME = "$(TARGET_NAME)";
				SWIFT_VERSION = 5.0;
				TARGETED_DEVICE_FAMILY = "1,2";
			};
			name = Release;
		};
		FD8E527623EE7F9C00779201 /* Debug */ = {
			isa = XCBuildConfiguration;
			buildSettings = {
				ALWAYS_EMBED_SWIFT_STANDARD_LIBRARIES = YES;
				BUNDLE_LOADER = "$(TEST_HOST)";
				CODE_SIGN_STYLE = Automatic;
				INFOPLIST_FILE = PasswordHackerTests/Info.plist;
				IPHONEOS_DEPLOYMENT_TARGET = 13.2;
				LD_RUNPATH_SEARCH_PATHS = (
					"$(inherited)",
					"@executable_path/Frameworks",
					"@loader_path/Frameworks",
				);
				PRODUCT_BUNDLE_IDENTIFIER = com.litech.PasswordHackerTests;
				PRODUCT_NAME = "$(TARGET_NAME)";
				SWIFT_VERSION = 5.0;
				TARGETED_DEVICE_FAMILY = "1,2";
				TEST_HOST = "$(BUILT_PRODUCTS_DIR)/PasswordHacker.app/PasswordHacker";
			};
			name = Debug;
		};
		FD8E527723EE7F9C00779201 /* Release */ = {
			isa = XCBuildConfiguration;
			buildSettings = {
				ALWAYS_EMBED_SWIFT_STANDARD_LIBRARIES = YES;
				BUNDLE_LOADER = "$(TEST_HOST)";
				CODE_SIGN_STYLE = Automatic;
				INFOPLIST_FILE = PasswordHackerTests/Info.plist;
				IPHONEOS_DEPLOYMENT_TARGET = 13.2;
				LD_RUNPATH_SEARCH_PATHS = (
					"$(inherited)",
					"@executable_path/Frameworks",
					"@loader_path/Frameworks",
				);
				PRODUCT_BUNDLE_IDENTIFIER = com.litech.PasswordHackerTests;
				PRODUCT_NAME = "$(TARGET_NAME)";
				SWIFT_VERSION = 5.0;
				TARGETED_DEVICE_FAMILY = "1,2";
				TEST_HOST = "$(BUILT_PRODUCTS_DIR)/PasswordHacker.app/PasswordHacker";
			};
			name = Release;
		};
		FD8E527923EE7F9C00779201 /* Debug */ = {
			isa = XCBuildConfiguration;
			buildSettings = {
				ALWAYS_EMBED_SWIFT_STANDARD_LIBRARIES = YES;
				CODE_SIGN_STYLE = Automatic;
				INFOPLIST_FILE = PasswordHackerUITests/Info.plist;
				LD_RUNPATH_SEARCH_PATHS = (
					"$(inherited)",
					"@executable_path/Frameworks",
					"@loader_path/Frameworks",
				);
				PRODUCT_BUNDLE_IDENTIFIER = com.litech.PasswordHackerUITests;
				PRODUCT_NAME = "$(TARGET_NAME)";
				SWIFT_VERSION = 5.0;
				TARGETED_DEVICE_FAMILY = "1,2";
				TEST_TARGET_NAME = PasswordHacker;
			};
			name = Debug;
		};
		FD8E527A23EE7F9C00779201 /* Release */ = {
			isa = XCBuildConfiguration;
			buildSettings = {
				ALWAYS_EMBED_SWIFT_STANDARD_LIBRARIES = YES;
				CODE_SIGN_STYLE = Automatic;
				INFOPLIST_FILE = PasswordHackerUITests/Info.plist;
				LD_RUNPATH_SEARCH_PATHS = (
					"$(inherited)",
					"@executable_path/Frameworks",
					"@loader_path/Frameworks",
				);
				PRODUCT_BUNDLE_IDENTIFIER = com.litech.PasswordHackerUITests;
				PRODUCT_NAME = "$(TARGET_NAME)";
				SWIFT_VERSION = 5.0;
				TARGETED_DEVICE_FAMILY = "1,2";
				TEST_TARGET_NAME = PasswordHacker;
			};
			name = Release;
		};
/* End XCBuildConfiguration section */

/* Begin XCConfigurationList section */
		FD8E524323EE7F9B00779201 /* Build configuration list for PBXProject "PasswordHacker" */ = {
			isa = XCConfigurationList;
			buildConfigurations = (
				FD8E527023EE7F9C00779201 /* Debug */,
				FD8E527123EE7F9C00779201 /* Release */,
			);
			defaultConfigurationIsVisible = 0;
			defaultConfigurationName = Release;
		};
		FD8E527223EE7F9C00779201 /* Build configuration list for PBXNativeTarget "PasswordHacker" */ = {
			isa = XCConfigurationList;
			buildConfigurations = (
				FD8E527323EE7F9C00779201 /* Debug */,
				FD8E527423EE7F9C00779201 /* Release */,
			);
			defaultConfigurationIsVisible = 0;
			defaultConfigurationName = Release;
		};
		FD8E527523EE7F9C00779201 /* Build configuration list for PBXNativeTarget "PasswordHackerTests" */ = {
			isa = XCConfigurationList;
			buildConfigurations = (
				FD8E527623EE7F9C00779201 /* Debug */,
				FD8E527723EE7F9C00779201 /* Release */,
			);
			defaultConfigurationIsVisible = 0;
			defaultConfigurationName = Release;
		};
		FD8E527823EE7F9C00779201 /* Build configuration list for PBXNativeTarget "PasswordHackerUITests" */ = {
			isa = XCConfigurationList;
			buildConfigurations = (
				FD8E527923EE7F9C00779201 /* Debug */,
				FD8E527A23EE7F9C00779201 /* Release */,
			);
			defaultConfigurationIsVisible = 0;
			defaultConfigurationName = Release;
		};
/* End XCConfigurationList section */
	};
	rootObject = FD8E524023EE7F9B00779201 /* Project object */;
}
